
Microsoft Visual Studio Solution File, Format Version 12.00
# Visual Studio Version 16
VisualStudioVersion = 16.0.31129.286
MinimumVisualStudioVersion = 10.0.40219.1
Project("{9A19103F-16F7-4668-BE54-9A1E7A4F7556}") = "SimpleBikeService", "SimpleBikeService.csproj", "{641D018A-732F-4718-8B99-EA44C98A54CA}"
EndProject
Global
	GlobalSection(SolutionConfigurationPlatforms) = preSolution
		Debug|Any CPU = Debug|Any CPU
		Release|Any CPU = Release|Any CPU
	EndGlobalSection
	GlobalSection(ProjectConfigurationPlatforms) = postSolution
		{641D018A-732F-4718-8B99-EA44C98A54CA}.Debug|Any CPU.ActiveCfg = Debug|Any CPU
		{641D018A-732F-4718-8B99-EA44C98A54CA}.Debug|Any CPU.Build.0 = Debug|Any CPU
		{641D018A-732F-4718-8B99-EA44C98A54CA}.Release|Any CPU.ActiveCfg = Release|Any CPU
		{641D018A-732F-4718-8B99-EA44C98A54CA}.Release|Any CPU.Build.0 = Release|Any CPU
	EndGlobalSection
	GlobalSection(SolutionProperties) = preSolution
		HideSolutionNode = FALSE
	EndGlobalSection
	GlobalSection(ExtensibilityGlobals) = postSolution
		SolutionGuid = {BD629EFA-07BC-485E-87D4-5AFE06A33783}
	EndGlobalSection
EndGlobal
